{
  "name": "docs-organization-scripts",
  "version": "0.1.0",
  "lockfileVersion": 3,
  "requires": true,
  "packages": {
    "": {
      "name": "docs-organization-scripts",
      "version": "0.1.0",
      "dependencies": {
        "@aj-archipelago/merval": "^1.0.0"
      },
      "engines": {
        "node": ">=20"
      }
    },
    "node_modules/@aj-archipelago/merval": {
      "version": "1.0.7",
      "resolved": "https://registry.npmjs.org/@aj-archipelago/merval/-/merval-1.0.7.tgz",
      "integrity": "sha512-z2/cmv5t04fUxlPJMMV0j9o9ZFG5PtuQq3pSpwKRPVpsZvAfHp7zuUJfyKcf+Uj9YKGWfnLeZr23DkwhT00iSg==",
      "license": "MIT",
      "engines": {
        "node": ">=18.0.0"
      }
    }
  }
}
